// !$*UTF8*$!
{
	archiveVersion = 1;
	classes = {
	};
	objectVersion = 50;
	objects = {

/* Begin PBXBuildFile section */
		C6BDFE11260E76BE00D60312 /* AquaUIApp.swift in Sources */ = {isa = PBXBuildFile; fileRef = C6BDFE10260E76BE00D60312 /* AquaUIApp.swift */; };
		C6BDFE13260E76BE00D60312 /* ContentView.swift in Sources */ = {isa = PBXBuildFile; fileRef = C6BDFE12260E76BE00D60312 /* ContentView.swift */; };
		C6BDFE15260E76BF00D60312 /* Assets.xcassets in Resources */ = {isa = PBXBuildFile; fileRef = C6BDFE14260E76BF00D60312 /* Assets.xcassets */; };
		C6BDFE18260E76BF00D60312 /* Preview Assets.xcassets in Resources */ = {isa = PBXBuildFile; fileRef = C6BDFE17260E76BF00D60312 /* Preview Assets.xcassets */; };
		C6BDFE21260E76EE00D60312 /* AquaButton.swift in Sources */ = {isa = PBXBuildFile; fileRef = C6BDFE20260E76EE00D60312 /* AquaButton.swift */; };
		C6BDFE24260E7CC300D60312 /* FontsView.swift in Sources */ = {isa = PBXBuildFile; fileRef = C6BDFE23260E7CC300D60312 /* FontsView.swift */; };
		C6BDFE27260E82D600D60312 /* ColorExtension.swift in Sources */ = {isa = PBXBuildFile; fileRef = C6BDFE26260E82D600D60312 /* ColorExtension.swift */; };
		C6BDFE2A2614BA7000D60312 /* AquaStripeBackground.swift in Sources */ = {isa = PBXBuildFile; fileRef = C6BDFE292614BA7000D60312 /* AquaStripeBackground.swift */; };
		C6BDFE2D2614BAD900D60312 /* AquaGelTexture.swift in Sources */ = {isa = PBXBuildFile; fileRef = C6BDFE2C2614BAD900D60312 /* AquaGelTexture.swift */; };
/* End PBXBuildFile section */

/* Begin PBXFileReference section */
		C6BDFE0D260E76BE00D60312 /* AquaUI.app */ = {isa = PBXFileReference; explicitFileType = wrapper.application; includeInIndex = 0; path = AquaUI.app; sourceTree = BUILT_PRODUCTS_DIR; };
		C6BDFE10260E76BE00D60312 /* AquaUIApp.swift */ = {isa = PBXFileReference; lastKnownFileType = sourcecode.swift; path = AquaUIApp.swift; sourceTree = "<group>"; };
		C6BDFE12260E76BE00D60312 /* ContentView.swift */ = {isa = PBXFileReference; lastKnownFileType = sourcecode.swift; path = ContentView.swift; sourceTree = "<group>"; };
		C6BDFE14260E76BF00D60312 /* Assets.xcassets */ = {isa = PBXFileReference; lastKnownFileType = folder.assetcatalog; path = Assets.xcassets; sourceTree = "<group>"; };
		C6BDFE17260E76BF00D60312 /* Preview Assets.xcassets */ = {isa = PBXFileReference; lastKnownFileType = folder.assetcatalog; path = "Preview Assets.xcassets"; sourceTree = "<group>"; };
		C6BDFE19260E76BF00D60312 /* Info.plist */ = {isa = PBXFileReference; lastKnownFileType = text.plist.xml; path = Info.plist; sourceTree = "<group>"; };
		C6BDFE20260E76EE00D60312 /* AquaButton.swift */ = {isa = PBXFileReference; lastKnownFileType = sourcecode.swift; path = AquaButton.swift; sourceTree = "<group>"; };
		C6BDFE23260E7CC300D60312 /* FontsView.swift */ = {isa = PBXFileReference; lastKnownFileType = sourcecode.swift; path = FontsView.swift; sourceTree = "<group>"; };
		C6BDFE26260E82D600D60312 /* ColorExtension.swift */ = {isa = PBXFileReference; lastKnownFileType = sourcecode.swift; path = ColorExtension.swift; sourceTree = "<group>"; };
		C6BDFE292614BA7000D60312 /* AquaStripeBackground.swift */ = {isa = PBXFileReference; lastKnownFileType = sourcecode.swift; path = AquaStripeBackground.swift; sourceTree = "<group>"; };
		C6BDFE2C2614BAD900D60312 /* AquaGelTexture.swift */ = {isa = PBXFileReference; lastKnownFileType = sourcecode.swift; path = AquaGelTexture.swift; sourceTree = "<group>"; };
/* End PBXFileReference section */

/* Begin PBXFrameworksBuildPhase section */
		C6BDFE0A260E76BE00D60312 /* Frameworks */ = {
			isa = PBXFrameworksBuildPhase;
			buildActionMask = 2147483647;
			files = (
			);
			runOnlyForDeploymentPostprocessing = 0;
		};
/* End PBXFrameworksBuildPhase section */

/* Begin PBXGroup section */
		C6BDFE04260E76BE00D60312 = {
			isa = PBXGroup;
			children = (
				C6BDFE0F260E76BE00D60312 /* AquaUI */,
				C6BDFE0E260E76BE00D60312 /* Products */,
			);
			sourceTree = "<group>";
		};
		C6BDFE0E260E76BE00D60312 /* Products */ = {
			isa = PBXGroup;
			children = (
				C6BDFE0D260E76BE00D60312 /* AquaUI.app */,
			);
			name = Products;
			sourceTree = "<group>";
		};
		C6BDFE0F260E76BE00D60312 /* AquaUI */ = {
			isa = PBXGroup;
			children = (
				C6BDFE10260E76BE00D60312 /* AquaUIApp.swift */,
				C6BDFE12260E76BE00D60312 /* ContentView.swift */,
				C6BDFE20260E76EE00D60312 /* AquaButton.swift */,
				C6BDFE292614BA7000D60312 /* AquaStripeBackground.swift */,
				C6BDFE2C2614BAD900D60312 /* AquaGelTexture.swift */,
				C6BDFE23260E7CC300D60312 /* FontsView.swift */,
				C6BDFE26260E82D600D60312 /* ColorExtension.swift */,
				C6BDFE14260E76BF00D60312 /* Assets.xcassets */,
				C6BDFE19260E76BF00D60312 /* Info.plist */,
				C6BDFE16260E76BF00D60312 /* Preview Content */,
			);
			path = AquaUI;
			sourceTree = "<group>";
		};
		C6BDFE16260E76BF00D60312 /* Preview Content */ = {
			isa = PBXGroup;
			children = (
				C6BDFE17260E76BF00D60312 /* Preview Assets.xcassets */,
			);
			path = "Preview Content";
			sourceTree = "<group>";
		};
/* End PBXGroup section */

/* Begin PBXNativeTarget section */
		C6BDFE0C260E76BE00D60312 /* AquaUI */ = {
			isa = PBXNativeTarget;
			buildConfigurationList = C6BDFE1C260E76BF00D60312 /* Build configuration list for PBXNativeTarget "AquaUI" */;
			buildPhases = (
				C6BDFE09260E76BE00D60312 /* Sources */,
				C6BDFE0A260E76BE00D60312 /* Frameworks */,
				C6BDFE0B260E76BE00D60312 /* Resources */,
			);
			buildRules = (
			);
			dependencies = (
			);
			name = AquaUI;
			productName = AquaUI;
			productReference = C6BDFE0D260E76BE00D60312 /* AquaUI.app */;
			productType = "com.apple.product-type.application";
		};
/* End PBXNativeTarget section */

/* Begin PBXProject section */
		C6BDFE05260E76BE00D60312 /* Project object */ = {
			isa = PBXProject;
			attributes = {
				LastSwiftUpdateCheck = 1240;
				LastUpgradeCheck = 1240;
				TargetAttributes = {
					C6BDFE0C260E76BE00D60312 = {
						CreatedOnToolsVersion = 12.4;
					};
				};
			};
			buildConfigurationList = C6BDFE08260E76BE00D60312 /* Build configuration list for PBXProject "AquaUI" */;
			compatibilityVersion = "Xcode 9.3";
			developmentRegion = en;
			hasScannedForEncodings = 0;
			knownRegions = (
				en,
				Base,
			);
			mainGroup = C6BDFE04260E76BE00D60312;
			productRefGroup = C6BDFE0E260E76BE00D60312 /* Products */;
			projectDirPath = "";
			projectRoot = "";
			targets = (
				C6BDFE0C260E76BE00D60312 /* AquaUI */,
			);
		};
/* End PBXProject section */

/* Begin PBXResourcesBuildPhase section */
		C6BDFE0B260E76BE00D60312 /* Resources */ = {
			isa = PBXResourcesBuildPhase;
			buildActionMask = 2147483647;
			files = (
				C6BDFE18260E76BF00D60312 /* Preview Assets.xcassets in Resources */,
				C6BDFE15260E76BF00D60312 /* Assets.xcassets in Resources */,
			);
			runOnlyForDeploymentPostprocessing = 0;
		};
/* End PBXResourcesBuildPhase section */

/* Begin PBXSourcesBuildPhase section */
		C6BDFE09260E76BE00D60312 /* Sources */ = {
			isa = PBXSourcesBuildPhase;
			buildActionMask = 2147483647;
			files = (
				C6BDFE13260E76BE00D60312 /* ContentView.swift in Sources */,
				C6BDFE11260E76BE00D60312 /* AquaUIApp.swift in Sources */,
				C6BDFE2D2614BAD900D60312 /* AquaGelTexture.swift in Sources */,
				C6BDFE2A2614BA7000D60312 /* AquaStripeBackground.swift in Sources */,
				C6BDFE21260E76EE00D60312 /* AquaButton.swift in Sources */,
				C6BDFE24260E7CC300D60312 /* FontsView.swift in Sources */,
				C6BDFE27260E82D600D60312 /* ColorExtension.swift in Sources */,
			);
			runOnlyForDeploymentPostprocessing = 0;
		};
/* End PBXSourcesBuildPhase section */

/* Begin XCBuildConfiguration section */
		C6BDFE1A260E76BF00D60312 /* Debug */ = {
			isa = XCBuildConfiguration;
			buildSettings = {
				ALWAYS_SEARCH_USER_PATHS = NO;
				CLANG_ANALYZER_NONNULL = YES;
				CLANG_ANALYZER_NUMBER_OBJECT_CONVERSION = YES_AGGRESSIVE;
				CLANG_CXX_LANGUAGE_STANDARD = "gnu++14";
				CLANG_CXX_LIBRARY = "libc++";
				CLANG_ENABLE_MODULES = YES;
				CLANG_ENABLE_OBJC_ARC = YES;
				CLANG_ENABLE_OBJC_WEAK = YES;
				CLANG_WARN_BLOCK_CAPTURE_AUTORELEASING = YES;
				CLANG_WARN_BOOL_CONVERSION = YES;
				CLANG_WARN_COMMA = YES;
				CLANG_WARN_CONSTANT_CONVERSION = YES;
				CLANG_WARN_DEPRECATED_OBJC_IMPLEMENTATIONS = YES;
				CLANG_WARN_DIRECT_OBJC_ISA_USAGE = YES_ERROR;
				CLANG_WARN_DOCUMENTATION_COMMENTS = YES;
				CLANG_WARN_EMPTY_BODY = YES;
				CLANG_WARN_ENUM_CONVERSION = YES;
				CLANG_WARN_INFINITE_RECURSION = YES;
				CLANG_WARN_INT_CONVERSION = YES;
				CLANG_WARN_NON_LITERAL_NULL_CONVERSION = YES;
				CLANG_WARN_OBJC_IMPLICIT_RETAIN_SELF = YES;
				CLANG_WARN_OBJC_LITERAL_CONVERSION = YES;
				CLANG_WARN_OBJC_ROOT_CLASS = YES_ERROR;
				CLANG_WARN_QUOTED_INCLUDE_IN_FRAMEWORK_HEADER = YES;
				CLANG_WARN_RANGE_LOOP_ANALYSIS = YES;
				CLANG_WARN_STRICT_PROTOTYPES = YES;
				CLANG_WARN_SUSPICIOUS_MOVE = YES;
				CLANG_WARN_UNGUARDED_AVAILABILITY = YES_AGGRESSIVE;
				CLANG_WARN_UNREACHABLE_CODE = YES;
				CLANG_WARN__DUPLICATE_METHOD_MATCH = YES;
				COPY_PHASE_STRIP = NO;
				DEBUG_INFORMATION_FORMAT = dwarf;
				ENABLE_STRICT_OBJC_MSGSEND = YES;
				ENABLE_TESTABILITY = YES;
				GCC_C_LANGUAGE_STANDARD = gnu11;
				GCC_DYNAMIC_NO_PIC = NO;
				GCC_NO_COMMON_BLOCKS = YES;
				GCC_OPTIMIZATION_LEVEL = 0;
				GCC_PREPROCESSOR_DEFINITIONS = (
					"DEBUG=1",
					"$(inherited)",
				);
				GCC_WARN_64_TO_32_BIT_CONVERSION = YES;
				GCC_WARN_ABOUT_RETURN_TYPE = YES_ERROR;
				GCC_WARN_UNDECLARED_SELECTOR = YES;
				GCC_WARN_UNINITIALIZED_AUTOS = YES_AGGRESSIVE;
				GCC_WARN_UNUSED_FUNCTION = YES;
				GCC_WARN_UNUSED_VARIABLE = YES;
				IPHONEOS_DEPLOYMENT_TARGET = 14.4;
				MTL_ENABLE_DEBUG_INFO = INCLUDE_SOURCE;
				MTL_FAST_MATH = YES;
				ONLY_ACTIVE_ARCH = YES;
				SDKROOT = iphoneos;
				SWIFT_ACTIVE_COMPILATION_CONDITIONS = DEBUG;
				SWIFT_OPTIMIZATION_LEVEL = "-Onone";
			};
			name = Debug;
		};
		C6BDFE1B260E76BF00D60312 /* Release */ = {
			isa = XCBuildConfiguration;
			buildSettings = {
				ALWAYS_SEARCH_USER_PATHS = NO;
				CLANG_ANALYZER_NONNULL = YES;
				CLANG_ANALYZER_NUMBER_OBJECT_CONVERSION = YES_AGGRESSIVE;
				CLANG_CXX_LANGUAGE_STANDARD = "gnu++14";
				CLANG_CXX_LIBRARY = "libc++";
				CLANG_ENABLE_MODULES = YES;
				CLANG_ENABLE_OBJC_ARC = YES;
				CLANG_ENABLE_OBJC_WEAK = YES;
				CLANG_WARN_BLOCK_CAPTURE_AUTORELEASING = YES;
				CLANG_WARN_BOOL_CONVERSION = YES;
				CLANG_WARN_COMMA = YES;
				CLANG_WARN_CONSTANT_CONVERSION = YES;
				CLANG_WARN_DEPRECATED_OBJC_IMPLEMENTATIONS = YES;
				CLANG_WARN_DIRECT_OBJC_ISA_USAGE = YES_ERROR;
				CLANG_WARN_DOCUMENTATION_COMMENTS = YES;
				CLANG_WARN_EMPTY_BODY = YES;
				CLANG_WARN_ENUM_CONVERSION = YES;
				CLANG_WARN_INFINITE_RECURSION = YES;
				CLANG_WARN_INT_CONVERSION = YES;
				CLANG_WARN_NON_LITERAL_NULL_CONVERSION = YES;
				CLANG_WARN_OBJC_IMPLICIT_RETAIN_SELF = YES;
				CLANG_WARN_OBJC_LITERAL_CONVERSION = YES;
				CLANG_WARN_OBJC_ROOT_CLASS = YES_ERROR;
				CLANG_WARN_QUOTED_INCLUDE_IN_FRAMEWORK_HEADER = YES;
				CLANG_WARN_RANGE_LOOP_ANALYSIS = YES;
				CLANG_WARN_STRICT_PROTOTYPES = YES;
				CLANG_WARN_SUSPICIOUS_MOVE = YES;
				CLANG_WARN_UNGUARDED_AVAILABILITY = YES_AGGRESSIVE;
				CLANG_WARN_UNREACHABLE_CODE = YES;
				CLANG_WARN__DUPLICATE_METHOD_MATCH = YES;
				COPY_PHASE_STRIP = NO;
				DEBUG_INFORMATION_FORMAT = "dwarf-with-dsym";
				ENABLE_NS_ASSERTIONS = NO;
				ENABLE_STRICT_OBJC_MSGSEND = YES;
				GCC_C_LANGUAGE_STANDARD = gnu11;
				GCC_NO_COMMON_BLOCKS = YES;
				GCC_WARN_64_TO_32_BIT_CONVERSION = YES;
				GCC_WARN_ABOUT_RETURN_TYPE = YES_ERROR;
				GCC_WARN_UNDECLARED_SELECTOR = YES;
				GCC_WARN_UNINITIALIZED_AUTOS = YES_AGGRESSIVE;
				GCC_WARN_UNUSED_FUNCTION = YES;
				GCC_WARN_UNUSED_VARIABLE = YES;
				IPHONEOS_DEPLOYMENT_TARGET = 14.4;
				MTL_ENABLE_DEBUG_INFO = NO;
				MTL_FAST_MATH = YES;
				SDKROOT = iphoneos;
				SWIFT_COMPILATION_MODE = wholemodule;
				SWIFT_OPTIMIZATION_LEVEL = "-O";
				VALIDATE_PRODUCT = YES;
			};
			name = Release;
		};
		C6BDFE1D260E76BF00D60312 /* Debug */ = {
			isa = XCBuildConfiguration;
			buildSettings = {
				ASSETCATALOG_COMPILER_APPICON_NAME = AppIcon;
				ASSETCATALOG_COMPILER_GLOBAL_ACCENT_COLOR_NAME = AccentColor;
				CODE_SIGN_STYLE = Automatic;
				DEVELOPMENT_ASSET_PATHS = "\"AquaUI/Preview Content\"";
				DEVELOPMENT_TEAM = BU7LJXTUEW;
				ENABLE_PREVIEWS = YES;
				INFOPLIST_FILE = AquaUI/Info.plist;
				IPHONEOS_DEPLOYMENT_TARGET = 14.0;
				LD_RUNPATH_SEARCH_PATHS = (
					"$(inherited)",
					"@executable_path/Frameworks",
				);
				PRODUCT_BUNDLE_IDENTIFIER = com.averypierce.AquaUI;
				PRODUCT_NAME = "$(TARGET_NAME)";
				SWIFT_VERSION = 5.0;
				TARGETED_DEVICE_FAMILY = "1,2";
			};
			name = Debug;
		};
		C6BDFE1E260E76BF00D60312 /* Release */ = {
			isa = XCBuildConfiguration;
			buildSettings = {
				ASSETCATALOG_COMPILER_APPICON_NAME = AppIcon;
				ASSETCATALOG_COMPILER_GLOBAL_ACCENT_COLOR_NAME = AccentColor;
				CODE_SIGN_STYLE = Automatic;
				DEVELOPMENT_ASSET_PATHS = "\"AquaUI/Preview Content\"";
				DEVELOPMENT_TEAM = BU7LJXTUEW;
				ENABLE_PREVIEWS = YES;
				INFOPLIST_FILE = AquaUI/Info.plist;
				IPHONEOS_DEPLOYMENT_TARGET = 14.0;
				LD_RUNPATH_SEARCH_PATHS = (
					"$(inherited)",
					"@executable_path/Frameworks",
				);
				PRODUCT_BUNDLE_IDENTIFIER = com.averypierce.AquaUI;
				PRODUCT_NAME = "$(TARGET_NAME)";
				SWIFT_VERSION = 5.0;
				TARGETED_DEVICE_FAMILY = "1,2";
			};
			name = Release;
		};
/* End XCBuildConfiguration section */

/* Begin XCConfigurationList section */
		C6BDFE08260E76BE00D60312 /* Build configuration list for PBXProject "AquaUI" */ = {
			isa = XCConfigurationList;
			buildConfigurations = (
				C6BDFE1A260E76BF00D60312 /* Debug */,
				C6BDFE1B260E76BF00D60312 /* Release */,
			);
			defaultConfigurationIsVisible = 0;
			defaultConfigurationName = Release;
		};
		C6BDFE1C260E76BF00D60312 /* Build configuration list for PBXNativeTarget "AquaUI" */ = {
			isa = XCConfigurationList;
			buildConfigurations = (
				C6BDFE1D260E76BF00D60312 /* Debug */,
				C6BDFE1E260E76BF00D60312 /* Release */,
			);
			defaultConfigurationIsVisible = 0;
			defaultConfigurationName = Release;
		};
/* End XCConfigurationList section */
	};
	rootObject = C6BDFE05260E76BE00D60312 /* Project object */;
}
